
Microsoft Visual Studio Solution File, Format Version 12.00
# Visual Studio Version 17
VisualStudioVersion = 17.9.34622.214
MinimumVisualStudioVersion = 10.0.40219.1
Project("{9A19103F-16F7-4668-BE54-9A1E7A4F7556}") = "Legeplads", "Legeplads\Legeplads.csproj", "{6B61BEB2-60BE-4BE3-A5AA-4AD67832475C}"
EndProject
Project("{9A19103F-16F7-4668-BE54-9A1E7A4F7556}") = "N060", "N060\N060.csproj", "{08F68691-960A-4387-81A3-D4B9678297A6}"
EndProject
Project("{9A19103F-16F7-4668-BE54-9A1E7A4F7556}") = "N105", "N105\N105.csproj", "{5D893D35-B890-471C-8736-09E5F612E778}"
EndProject
Project("{9A19103F-16F7-4668-BE54-9A1E7A4F7556}") = "N115", "N115\N115.csproj", "{E989FEE9-D59D-429D-AD40-20F5FE4A0848}"
EndProject
Project("{9A19103F-16F7-4668-BE54-9A1E7A4F7556}") = "N110", "N110\N110.csproj", "{4A798839-B9D4-4653-A031-26B1684646C5}"
EndProject
Project("{9A19103F-16F7-4668-BE54-9A1E7A4F7556}") = "N120", "N120\N120.csproj", "{96808512-5397-4B2E-950D-17E18B3A87F4}"
EndProject
Project("{9A19103F-16F7-4668-BE54-9A1E7A4F7556}") = "N122", "N122\N122.csproj", "{75579E9C-0E1B-4BD7-9DAF-394EB90EE0F3}"
EndProject
Project("{9A19103F-16F7-4668-BE54-9A1E7A4F7556}") = "N130", "N130\N130.csproj", "{0A0941B3-6703-4ADB-A7D6-42E8880D46BF}"
EndProject
Project("{9A19103F-16F7-4668-BE54-9A1E7A4F7556}") = "N135", "N135\N135.csproj", "{91C0D6F9-CFAC-49B5-A66B-F9819977472B}"
EndProject
Project("{9A19103F-16F7-4668-BE54-9A1E7A4F7556}") = "N140", "N140\N140.csproj", "{FB71A9CE-3839-4585-A8BF-0FF71D332215}"
EndProject
Project("{9A19103F-16F7-4668-BE54-9A1E7A4F7556}") = "N160", "N160\N160.csproj", "{A3FAE9B0-7DB7-4114-A3F1-182356A23EB2}"
EndProject
Project("{FAE04EC0-301F-11D3-BF4B-00C04F79EFBC}") = "N165", "N165\N165.csproj", "{BE83DA31-8FEF-474A-9314-9560C829438F}"
EndProject
Project("{FAE04EC0-301F-11D3-BF4B-00C04F79EFBC}") = "N170", "N170\N170.csproj", "{0226009D-CB93-45A1-8500-5A996EBD6419}"
EndProject
Global
	GlobalSection(SolutionConfigurationPlatforms) = preSolution
		Debug|Any CPU = Debug|Any CPU
		Release|Any CPU = Release|Any CPU
	EndGlobalSection
	GlobalSection(ProjectConfigurationPlatforms) = postSolution
		{6B61BEB2-60BE-4BE3-A5AA-4AD67832475C}.Debug|Any CPU.ActiveCfg = Debug|Any CPU
		{6B61BEB2-60BE-4BE3-A5AA-4AD67832475C}.Debug|Any CPU.Build.0 = Debug|Any CPU
		{6B61BEB2-60BE-4BE3-A5AA-4AD67832475C}.Release|Any CPU.ActiveCfg = Release|Any CPU
		{6B61BEB2-60BE-4BE3-A5AA-4AD67832475C}.Release|Any CPU.Build.0 = Release|Any CPU
		{08F68691-960A-4387-81A3-D4B9678297A6}.Debug|Any CPU.ActiveCfg = Debug|Any CPU
		{08F68691-960A-4387-81A3-D4B9678297A6}.Debug|Any CPU.Build.0 = Debug|Any CPU
		{08F68691-960A-4387-81A3-D4B9678297A6}.Release|Any CPU.ActiveCfg = Release|Any CPU
		{08F68691-960A-4387-81A3-D4B9678297A6}.Release|Any CPU.Build.0 = Release|Any CPU
		{5D893D35-B890-471C-8736-09E5F612E778}.Debug|Any CPU.ActiveCfg = Debug|Any CPU
		{5D893D35-B890-471C-8736-09E5F612E778}.Debug|Any CPU.Build.0 = Debug|Any CPU
		{5D893D35-B890-471C-8736-09E5F612E778}.Release|Any CPU.ActiveCfg = Release|Any CPU
		{5D893D35-B890-471C-8736-09E5F612E778}.Release|Any CPU.Build.0 = Release|Any CPU
		{E989FEE9-D59D-429D-AD40-20F5FE4A0848}.Debug|Any CPU.ActiveCfg = Debug|Any CPU
		{E989FEE9-D59D-429D-AD40-20F5FE4A0848}.Debug|Any CPU.Build.0 = Debug|Any CPU
		{E989FEE9-D59D-429D-AD40-20F5FE4A0848}.Release|Any CPU.ActiveCfg = Release|Any CPU
		{E989FEE9-D59D-429D-AD40-20F5FE4A0848}.Release|Any CPU.Build.0 = Release|Any CPU
		{4A798839-B9D4-4653-A031-26B1684646C5}.Debug|Any CPU.ActiveCfg = Debug|Any CPU
		{4A798839-B9D4-4653-A031-26B1684646C5}.Debug|Any CPU.Build.0 = Debug|Any CPU
		{4A798839-B9D4-4653-A031-26B1684646C5}.Release|Any CPU.ActiveCfg = Release|Any CPU
		{4A798839-B9D4-4653-A031-26B1684646C5}.Release|Any CPU.Build.0 = Release|Any CPU
		{96808512-5397-4B2E-950D-17E18B3A87F4}.Debug|Any CPU.ActiveCfg = Debug|Any CPU
		{96808512-5397-4B2E-950D-17E18B3A87F4}.Debug|Any CPU.Build.0 = Debug|Any CPU
		{96808512-5397-4B2E-950D-17E18B3A87F4}.Release|Any CPU.ActiveCfg = Release|Any CPU
		{96808512-5397-4B2E-950D-17E18B3A87F4}.Release|Any CPU.Build.0 = Release|Any CPU
		{75579E9C-0E1B-4BD7-9DAF-394EB90EE0F3}.Debug|Any CPU.ActiveCfg = Debug|Any CPU
		{75579E9C-0E1B-4BD7-9DAF-394EB90EE0F3}.Debug|Any CPU.Build.0 = Debug|Any CPU
		{75579E9C-0E1B-4BD7-9DAF-394EB90EE0F3}.Release|Any CPU.ActiveCfg = Release|Any CPU
		{75579E9C-0E1B-4BD7-9DAF-394EB90EE0F3}.Release|Any CPU.Build.0 = Release|Any CPU
		{0A0941B3-6703-4ADB-A7D6-42E8880D46BF}.Debug|Any CPU.ActiveCfg = Debug|Any CPU
		{0A0941B3-6703-4ADB-A7D6-42E8880D46BF}.Debug|Any CPU.Build.0 = Debug|Any CPU
		{0A0941B3-6703-4ADB-A7D6-42E8880D46BF}.Release|Any CPU.ActiveCfg = Release|Any CPU
		{0A0941B3-6703-4ADB-A7D6-42E8880D46BF}.Release|Any CPU.Build.0 = Release|Any CPU
		{91C0D6F9-CFAC-49B5-A66B-F9819977472B}.Debug|Any CPU.ActiveCfg = Debug|Any CPU
		{91C0D6F9-CFAC-49B5-A66B-F9819977472B}.Debug|Any CPU.Build.0 = Debug|Any CPU
		{91C0D6F9-CFAC-49B5-A66B-F9819977472B}.Release|Any CPU.ActiveCfg = Release|Any CPU
		{91C0D6F9-CFAC-49B5-A66B-F9819977472B}.Release|Any CPU.Build.0 = Release|Any CPU
		{FB71A9CE-3839-4585-A8BF-0FF71D332215}.Debug|Any CPU.ActiveCfg = Debug|Any CPU
		{FB71A9CE-3839-4585-A8BF-0FF71D332215}.Debug|Any CPU.Build.0 = Debug|Any CPU
		{FB71A9CE-3839-4585-A8BF-0FF71D332215}.Release|Any CPU.ActiveCfg = Release|Any CPU
		{FB71A9CE-3839-4585-A8BF-0FF71D332215}.Release|Any CPU.Build.0 = Release|Any CPU
		{A3FAE9B0-7DB7-4114-A3F1-182356A23EB2}.Debug|Any CPU.ActiveCfg = Debug|Any CPU
		{A3FAE9B0-7DB7-4114-A3F1-182356A23EB2}.Debug|Any CPU.Build.0 = Debug|Any CPU
		{A3FAE9B0-7DB7-4114-A3F1-182356A23EB2}.Release|Any CPU.ActiveCfg = Release|Any CPU
		{A3FAE9B0-7DB7-4114-A3F1-182356A23EB2}.Release|Any CPU.Build.0 = Release|Any CPU
		{BE83DA31-8FEF-474A-9314-9560C829438F}.Debug|Any CPU.ActiveCfg = Debug|Any CPU
		{BE83DA31-8FEF-474A-9314-9560C829438F}.Debug|Any CPU.Build.0 = Debug|Any CPU
		{BE83DA31-8FEF-474A-9314-9560C829438F}.Release|Any CPU.ActiveCfg = Release|Any CPU
		{BE83DA31-8FEF-474A-9314-9560C829438F}.Release|Any CPU.Build.0 = Release|Any CPU
		{0226009D-CB93-45A1-8500-5A996EBD6419}.Debug|Any CPU.ActiveCfg = Debug|Any CPU
		{0226009D-CB93-45A1-8500-5A996EBD6419}.Debug|Any CPU.Build.0 = Debug|Any CPU
		{0226009D-CB93-45A1-8500-5A996EBD6419}.Release|Any CPU.ActiveCfg = Release|Any CPU
		{0226009D-CB93-45A1-8500-5A996EBD6419}.Release|Any CPU.Build.0 = Release|Any CPU
	EndGlobalSection
	GlobalSection(SolutionProperties) = preSolution
		HideSolutionNode = FALSE
	EndGlobalSection
	GlobalSection(ExtensibilityGlobals) = postSolution
		SolutionGuid = {55088752-BE72-4D37-BAE6-A482760B5380}
	EndGlobalSection
EndGlobal
